FLAME_LOCK:
  Conditions:
  - hastag{t=FLAMEINRADIUS} false
  - hastag{t=FLAME_KEEP} false
  - playernotwithin{d=30} false
  Skills:
  - addtag{t=FLAME_LOCK} @self
  - potion{t=SLOW;d=100;l=5} @self
  - effect:particleline{particle=REDDUST;c=#fc003a;radius=0.1;points=10;amount=5;hS=0.1;vS=0.1;zz=true;maxdistance=12;syo=2;zo=1} @PIR{r=12;target=players;limit=2}
  - sound{s=minecraft:entity.blaze.shoot;v=0.1;p=0.8} @self
  - delay 20
  - effect:particleline{particle=REDDUST;c=#fc003a;radius=0.1;points=10;amount=5;hS=0.1;vS=0.1;zz=true;maxdistance=12;syo=2;zo=1} @PIR{r=12;target=players;limit=2}
  - sound{s=minecraft:entity.blaze.shoot;v=0.3;p=0.8} @self
  - delay 20
  - effect:particleline{particle=REDDUST;c=#fc003a;radius=0.1;points=10;amount=5;hS=0.1;vS=0.1;zz=true;maxdistance=12;syo=2;zo=1} @PIR{r=12;target=players;limit=2}
  - sound{s=minecraft:entity.blaze.shoot;v=0.6;p=0.8} @self
  - delay 20
  - effect:particleline{particle=REDDUST;c=#fc003a;radius=0.1;points=10;amount=5;hS=0.1;vS=0.1;zz=true;maxdistance=12;syo=2;zo=1} @PIR{r=12;target=players;limit=2}
  - sound{s=minecraft:entity.blaze.shoot;v=1;p=0.7} @self
  - delay 20
  - effect:particleline{particle=REDDUST;c=#fc003a;radius=0.1;points=10;amount=5;hS=0.1;vS=0.1;zz=true;maxdistance=12;syo=2;zo=1} @PIR{r=12;target=players;limit=2}
  - sound{s=minecraft:entity.blaze.shoot;v=2;p=0.5} @self
  - effect:particlering{particle=flame;radius=0.1;points=16;amount=50;hS=0.5;vS=1} @PIR{r=12;target=players}
  - effect:particlering{particle=flame;radius=0.1;points=16;amount=50;hS=1;vS=1} @PIR{r=12;target=players}
  - effect:particlering{particle=flame;radius=0.1;points=16;amount=50;hS=2;vS=1} @PIR{r=12;target=players}
  - damage{amount=400*<caster.level>/8;ignoreArmor=false;type=Fire} @PIR{r=12;target=players}
  - removetag{t=FLAME_LOCK} @self